
Microsoft Visual Studio Solution File, Format Version 12.00
# Visual Studio Version 17
VisualStudioVersion = 17.3.32901.215
MinimumVisualStudioVersion = 10.0.40219.1
Project("{8BC9CEB8-8B4A-11D0-8D11-00A0C91BC942}") = "c++ 과제5 연산자 오버로딩", "c++ 과제5 연산자 오버로딩\c++ 과제5 연산자 오버로딩.vcxproj", "{54C40D25-5E79-423D-8A5B-01218F16E874}"
EndProject
Global
	GlobalSection(SolutionConfigurationPlatforms) = preSolution
		Debug|x64 = Debug|x64
		Debug|x86 = Debug|x86
		Release|x64 = Release|x64
		Release|x86 = Release|x86
	EndGlobalSection
	GlobalSection(ProjectConfigurationPlatforms) = postSolution
		{54C40D25-5E79-423D-8A5B-01218F16E874}.Debug|x64.ActiveCfg = Debug|x64
		{54C40D25-5E79-423D-8A5B-01218F16E874}.Debug|x64.Build.0 = Debug|x64
		{54C40D25-5E79-423D-8A5B-01218F16E874}.Debug|x86.ActiveCfg = Debug|Win32
		{54C40D25-5E79-423D-8A5B-01218F16E874}.Debug|x86.Build.0 = Debug|Win32
		{54C40D25-5E79-423D-8A5B-01218F16E874}.Release|x64.ActiveCfg = Release|x64
		{54C40D25-5E79-423D-8A5B-01218F16E874}.Release|x64.Build.0 = Release|x64
		{54C40D25-5E79-423D-8A5B-01218F16E874}.Release|x86.ActiveCfg = Release|Win32
		{54C40D25-5E79-423D-8A5B-01218F16E874}.Release|x86.Build.0 = Release|Win32
	EndGlobalSection
	GlobalSection(SolutionProperties) = preSolution
		HideSolutionNode = FALSE
	EndGlobalSection
	GlobalSection(ExtensibilityGlobals) = postSolution
		SolutionGuid = {0E703FB8-9558-46FB-A4D7-57D115DB7A9F}
	EndGlobalSection
EndGlobal
